
Microsoft Visual Studio Solution File, Format Version 12.00
# Visual Studio Version 17
VisualStudioVersion = 17.0.32014.148
MinimumVisualStudioVersion = 10.0.40219.1
Project("{9A19103F-16F7-4668-BE54-9A1E7A4F7556}") = "Backend", "Backend\Backend.csproj", "{8360B93F-7557-461A-9A0C-4E297F548D7C}"
EndProject
Project("{9A19103F-16F7-4668-BE54-9A1E7A4F7556}") = "Backend.Infrastructure", "Backend.Infrastructure\Backend.Infrastructure.csproj", "{0261AAC3-840B-441B-905E-8E64936BD398}"
EndProject
Project("{FAE04EC0-301F-11D3-BF4B-00C04F79EFBC}") = "Backend.Domain", "Backend.Domain\Backend.Domain.csproj", "{7117B6A5-348C-4FDE-9D3D-D88019FA8C4D}"
EndProject
Global
	GlobalSection(SolutionConfigurationPlatforms) = preSolution
		Debug|Any CPU = Debug|Any CPU
		Release|Any CPU = Release|Any CPU
	EndGlobalSection
	GlobalSection(ProjectConfigurationPlatforms) = postSolution
		{8360B93F-7557-461A-9A0C-4E297F548D7C}.Debug|Any CPU.ActiveCfg = Debug|Any CPU
		{8360B93F-7557-461A-9A0C-4E297F548D7C}.Debug|Any CPU.Build.0 = Debug|Any CPU
		{8360B93F-7557-461A-9A0C-4E297F548D7C}.Release|Any CPU.ActiveCfg = Release|Any CPU
		{8360B93F-7557-461A-9A0C-4E297F548D7C}.Release|Any CPU.Build.0 = Release|Any CPU
		{0261AAC3-840B-441B-905E-8E64936BD398}.Debug|Any CPU.ActiveCfg = Debug|Any CPU
		{0261AAC3-840B-441B-905E-8E64936BD398}.Debug|Any CPU.Build.0 = Debug|Any CPU
		{0261AAC3-840B-441B-905E-8E64936BD398}.Release|Any CPU.ActiveCfg = Release|Any CPU
		{0261AAC3-840B-441B-905E-8E64936BD398}.Release|Any CPU.Build.0 = Release|Any CPU
		{7117B6A5-348C-4FDE-9D3D-D88019FA8C4D}.Debug|Any CPU.ActiveCfg = Debug|Any CPU
		{7117B6A5-348C-4FDE-9D3D-D88019FA8C4D}.Debug|Any CPU.Build.0 = Debug|Any CPU
		{7117B6A5-348C-4FDE-9D3D-D88019FA8C4D}.Release|Any CPU.ActiveCfg = Release|Any CPU
		{7117B6A5-348C-4FDE-9D3D-D88019FA8C4D}.Release|Any CPU.Build.0 = Release|Any CPU
	EndGlobalSection
	GlobalSection(SolutionProperties) = preSolution
		HideSolutionNode = FALSE
	EndGlobalSection
	GlobalSection(ExtensibilityGlobals) = postSolution
		SolutionGuid = {7882C539-CA30-4387-A78B-8219022797FA}
	EndGlobalSection
EndGlobal
